
Microsoft Visual Studio Solution File, Format Version 12.00
# Visual Studio Version 17
VisualStudioVersion = 17.2.32505.173
MinimumVisualStudioVersion = 10.0.40219.1
Project("{FAE04EC0-301F-11D3-BF4B-00C04F79EFBC}") = "SharedModels", "SharedModels\SharedModels.csproj", "{7FDF1F99-2EDD-440A-90C9-538FC76242DA}"
EndProject
Project("{FAE04EC0-301F-11D3-BF4B-00C04F79EFBC}") = "Producer", "Producer\Producer.csproj", "{37BD3087-22CB-4CDB-A8BC-3EEB2000C4AC}"
EndProject
Project("{FAE04EC0-301F-11D3-BF4B-00C04F79EFBC}") = "Consumer", "Consumer\Consumer.csproj", "{FE46C583-8661-45C6-9F48-33367BBB8CD5}"
EndProject
Project("{FAE04EC0-301F-11D3-BF4B-00C04F79EFBC}") = "UnitTest", "UnitTest\UnitTest.csproj", "{277DC0C1-2A36-4A0B-8AA2-E64864387A95}"
EndProject
Global
	GlobalSection(SolutionConfigurationPlatforms) = preSolution
		Debug|Any CPU = Debug|Any CPU
		Release|Any CPU = Release|Any CPU
	EndGlobalSection
	GlobalSection(ProjectConfigurationPlatforms) = postSolution
		{7FDF1F99-2EDD-440A-90C9-538FC76242DA}.Debug|Any CPU.ActiveCfg = Debug|Any CPU
		{7FDF1F99-2EDD-440A-90C9-538FC76242DA}.Debug|Any CPU.Build.0 = Debug|Any CPU
		{7FDF1F99-2EDD-440A-90C9-538FC76242DA}.Release|Any CPU.ActiveCfg = Release|Any CPU
		{7FDF1F99-2EDD-440A-90C9-538FC76242DA}.Release|Any CPU.Build.0 = Release|Any CPU
		{37BD3087-22CB-4CDB-A8BC-3EEB2000C4AC}.Debug|Any CPU.ActiveCfg = Debug|Any CPU
		{37BD3087-22CB-4CDB-A8BC-3EEB2000C4AC}.Debug|Any CPU.Build.0 = Debug|Any CPU
		{37BD3087-22CB-4CDB-A8BC-3EEB2000C4AC}.Release|Any CPU.ActiveCfg = Release|Any CPU
		{37BD3087-22CB-4CDB-A8BC-3EEB2000C4AC}.Release|Any CPU.Build.0 = Release|Any CPU
		{FE46C583-8661-45C6-9F48-33367BBB8CD5}.Debug|Any CPU.ActiveCfg = Debug|Any CPU
		{FE46C583-8661-45C6-9F48-33367BBB8CD5}.Debug|Any CPU.Build.0 = Debug|Any CPU
		{FE46C583-8661-45C6-9F48-33367BBB8CD5}.Release|Any CPU.ActiveCfg = Release|Any CPU
		{FE46C583-8661-45C6-9F48-33367BBB8CD5}.Release|Any CPU.Build.0 = Release|Any CPU
		{277DC0C1-2A36-4A0B-8AA2-E64864387A95}.Debug|Any CPU.ActiveCfg = Debug|Any CPU
		{277DC0C1-2A36-4A0B-8AA2-E64864387A95}.Debug|Any CPU.Build.0 = Debug|Any CPU
		{277DC0C1-2A36-4A0B-8AA2-E64864387A95}.Release|Any CPU.ActiveCfg = Release|Any CPU
		{277DC0C1-2A36-4A0B-8AA2-E64864387A95}.Release|Any CPU.Build.0 = Release|Any CPU
	EndGlobalSection
	GlobalSection(SolutionProperties) = preSolution
		HideSolutionNode = FALSE
	EndGlobalSection
	GlobalSection(ExtensibilityGlobals) = postSolution
		SolutionGuid = {BCFF38BB-A94B-46C5-B3A9-45D14F681E54}
	EndGlobalSection
EndGlobal
